
Microsoft Visual Studio Solution File, Format Version 12.00
# Visual Studio Version 16
VisualStudioVersion = 16.0.30413.136
MinimumVisualStudioVersion = 10.0.40219.1
Project("{9A19103F-16F7-4668-BE54-9A1E7A4F7556}") = "SiTiPetro", "SiTiPetro\SiTiPetro.csproj", "{9C696727-177B-433B-AB43-5A7F01C0EE9B}"
EndProject
Global
	GlobalSection(SolutionConfigurationPlatforms) = preSolution
		Debug|Any CPU = Debug|Any CPU
		Release|Any CPU = Release|Any CPU
	EndGlobalSection
	GlobalSection(ProjectConfigurationPlatforms) = postSolution
		{9C696727-177B-433B-AB43-5A7F01C0EE9B}.Debug|Any CPU.ActiveCfg = Debug|Any CPU
		{9C696727-177B-433B-AB43-5A7F01C0EE9B}.Debug|Any CPU.Build.0 = Debug|Any CPU
		{9C696727-177B-433B-AB43-5A7F01C0EE9B}.Release|Any CPU.ActiveCfg = Release|Any CPU
		{9C696727-177B-433B-AB43-5A7F01C0EE9B}.Release|Any CPU.Build.0 = Release|Any CPU
	EndGlobalSection
	GlobalSection(SolutionProperties) = preSolution
		HideSolutionNode = FALSE
	EndGlobalSection
	GlobalSection(ExtensibilityGlobals) = postSolution
		SolutionGuid = {6336F457-3280-414B-8EB2-14CF06DA2078}
	EndGlobalSection
EndGlobal
